Microsoft Visual Studio Solution File, Format Version 12.00
# Visual Studio Version 17
VisualStudioVersion = 17.5.2.0
MinimumVisualStudioVersion = 10.0.40219.1
Project("{FAE04EC0-301F-11D3-BF4B-00C04F79EFBC}") = "tsg-zelis-okta-Anthony-backend", "tsg-zelis-okta-Anthony-backend.csproj", "{752805CF-2C43-1B5E-4A12-8BED76369B42}"
EndProject
Global
	GlobalSection(SolutionConfigurationPlatforms) = preSolution
		Debug|Any CPU = Debug|Any CPU
		Release|Any CPU = Release|Any CPU
	EndGlobalSection
	GlobalSection(ProjectConfigurationPlatforms) = postSolution
		{752805CF-2C43-1B5E-4A12-8BED76369B42}.Debug|Any CPU.ActiveCfg = Debug|Any CPU
		{752805CF-2C43-1B5E-4A12-8BED76369B42}.Debug|Any CPU.Build.0 = Debug|Any CPU
		{752805CF-2C43-1B5E-4A12-8BED76369B42}.Release|Any CPU.ActiveCfg = Release|Any CPU
		{752805CF-2C43-1B5E-4A12-8BED76369B42}.Release|Any CPU.Build.0 = Release|Any CPU
	EndGlobalSection
	GlobalSection(SolutionProperties) = preSolution
		HideSolutionNode = FALSE
	EndGlobalSection
	GlobalSection(ExtensibilityGlobals) = postSolution
		SolutionGuid = {932CBF1C-C0F9-4F58-A299-8CC2546DA1DA}
	EndGlobalSection
EndGlobal
